
Microsoft Visual Studio Solution File, Format Version 12.00
# Visual Studio Version 17
VisualStudioVersion = 17.4.33403.182
MinimumVisualStudioVersion = 10.0.40219.1
Project("{FAE04EC0-301F-11D3-BF4B-00C04F79EFBC}") = "E-Ticaret", "E-Ticaret\E-Ticaret.csproj", "{125E8B4D-7B09-49D4-9A9F-466874DC16B4}"
EndProject
Global
	GlobalSection(SolutionConfigurationPlatforms) = preSolution
		Debug|Any CPU = Debug|Any CPU
		Release|Any CPU = Release|Any CPU
	EndGlobalSection
	GlobalSection(ProjectConfigurationPlatforms) = postSolution
		{125E8B4D-7B09-49D4-9A9F-466874DC16B4}.Debug|Any CPU.ActiveCfg = Debug|Any CPU
		{125E8B4D-7B09-49D4-9A9F-466874DC16B4}.Debug|Any CPU.Build.0 = Debug|Any CPU
		{125E8B4D-7B09-49D4-9A9F-466874DC16B4}.Release|Any CPU.ActiveCfg = Release|Any CPU
		{125E8B4D-7B09-49D4-9A9F-466874DC16B4}.Release|Any CPU.Build.0 = Release|Any CPU
	EndGlobalSection
	GlobalSection(SolutionProperties) = preSolution
		HideSolutionNode = FALSE
	EndGlobalSection
	GlobalSection(ExtensibilityGlobals) = postSolution
		SolutionGuid = {37818CA2-FCD2-487E-895A-C60ED3BE2E2D}
	EndGlobalSection
EndGlobal
